// !$*UTF8*$!
{
	archiveVersion = 1;
	classes = {
	};
	objectVersion = 50;
	objects = {

/* Begin PBXBuildFile section */
		95AB3641268C32BA00C94266 /* AppointmentViewController.swift in Sources */ = {isa = PBXBuildFile; fileRef = 95AB3640268C32BA00C94266 /* AppointmentViewController.swift */; };
		9D31A8C1268B80F8003B78D4 /* RegisterViewController.swift in Sources */ = {isa = PBXBuildFile; fileRef = 9D31A8C0268B80F8003B78D4 /* RegisterViewController.swift */; };
		9D31A8C4268B822B003B78D4 /* HospitalProfileViewController.swift in Sources */ = {isa = PBXBuildFile; fileRef = 9D31A8C3268B822B003B78D4 /* HospitalProfileViewController.swift */; };
		9D85AC7D268B88E90032068C /* DoctorsViewController.swift in Sources */ = {isa = PBXBuildFile; fileRef = 9D85AC7C268B88E90032068C /* DoctorsViewController.swift */; };
		9D85AC80268B95250032068C /* Extensions.swift in Sources */ = {isa = PBXBuildFile; fileRef = 9D85AC7F268B95250032068C /* Extensions.swift */; };
		9D95EBCA268A7D2F000B44FC /* PatientHomeTableViewController.swift in Sources */ = {isa = PBXBuildFile; fileRef = 9D95EBC9268A7D2F000B44FC /* PatientHomeTableViewController.swift */; };
		9DC12927268E18A8004EA52A /* DoctorAppointmentsViewController.swift in Sources */ = {isa = PBXBuildFile; fileRef = 9DC12926268E18A8004EA52A /* DoctorAppointmentsViewController.swift */; };
		9DC1292B268E1C2F004EA52A /* DoctorPatientListViewController.swift in Sources */ = {isa = PBXBuildFile; fileRef = 9DC1292A268E1C2F004EA52A /* DoctorPatientListViewController.swift */; };
		9DC1292E268E21E9004EA52A /* AppiontmentSelectViewController.swift in Sources */ = {isa = PBXBuildFile; fileRef = 9DC1292D268E21E9004EA52A /* AppiontmentSelectViewController.swift */; };
		9DC1A8EE268A5D8B000877CA /* AppDelegate.swift in Sources */ = {isa = PBXBuildFile; fileRef = 9DC1A8ED268A5D8B000877CA /* AppDelegate.swift */; };
		9DC1A8F0268A5D8B000877CA /* SceneDelegate.swift in Sources */ = {isa = PBXBuildFile; fileRef = 9DC1A8EF268A5D8B000877CA /* SceneDelegate.swift */; };
		9DC1A8F2268A5D8B000877CA /* LoginViewController.swift in Sources */ = {isa = PBXBuildFile; fileRef = 9DC1A8F1268A5D8B000877CA /* LoginViewController.swift */; };
		9DC1A8F5268A5D8B000877CA /* Main.storyboard in Resources */ = {isa = PBXBuildFile; fileRef = 9DC1A8F3268A5D8B000877CA /* Main.storyboard */; };
		9DC1A8F7268A5D8D000877CA /* Assets.xcassets in Resources */ = {isa = PBXBuildFile; fileRef = 9DC1A8F6268A5D8D000877CA /* Assets.xcassets */; };
		9DC1A8FA268A5D8D000877CA /* LaunchScreen.storyboard in Resources */ = {isa = PBXBuildFile; fileRef = 9DC1A8F8268A5D8D000877CA /* LaunchScreen.storyboard */; };
		9DC1A904268A65EC000877CA /* Colors.xcassets in Resources */ = {isa = PBXBuildFile; fileRef = 9DC1A903268A65EC000877CA /* Colors.xcassets */; };
		9DC430D3268B7A81002CA0DB /* HospitalAdminLoginViewController.swift in Sources */ = {isa = PBXBuildFile; fileRef = 9DC430D2268B7A81002CA0DB /* HospitalAdminLoginViewController.swift */; };
		9DED95A0268CDF97004478CB /* Doctor1TableViewController.swift in Sources */ = {isa = PBXBuildFile; fileRef = 9DED959F268CDF97004478CB /* Doctor1TableViewController.swift */; };
		9DED95A3268CEDB1004478CB /* DevViewController.swift in Sources */ = {isa = PBXBuildFile; fileRef = 9DED95A2268CEDB1004478CB /* DevViewController.swift */; };
		9DED95AD268D26A5004478CB /* MessageViewController.swift in Sources */ = {isa = PBXBuildFile; fileRef = 9DED95AC268D26A5004478CB /* MessageViewController.swift */; };
		9DED95B4268D9B9D004478CB /* PatientProfileViewController.swift in Sources */ = {isa = PBXBuildFile; fileRef = 9DED95B3268D9B9D004478CB /* PatientProfileViewController.swift */; };
		9DED95B7268DA451004478CB /* CreateAppointmentViewController.swift in Sources */ = {isa = PBXBuildFile; fileRef = 9DED95B6268DA451004478CB /* CreateAppointmentViewController.swift */; };
/* End PBXBuildFile section */

/* Begin PBXFileReference section */
		95AB3640268C32BA00C94266 /* AppointmentViewController.swift */ = {isa = PBXFileReference; lastKnownFileType = sourcecode.swift; path = AppointmentViewController.swift; sourceTree = "<group>"; };
		9D31A8C0268B80F8003B78D4 /* RegisterViewController.swift */ = {isa = PBXFileReference; lastKnownFileType = sourcecode.swift; path = RegisterViewController.swift; sourceTree = "<group>"; };
		9D31A8C3268B822B003B78D4 /* HospitalProfileViewController.swift */ = {isa = PBXFileReference; lastKnownFileType = sourcecode.swift; path = HospitalProfileViewController.swift; sourceTree = "<group>"; };
		9D85AC7C268B88E90032068C /* DoctorsViewController.swift */ = {isa = PBXFileReference; lastKnownFileType = sourcecode.swift; path = DoctorsViewController.swift; sourceTree = "<group>"; };
		9D85AC7F268B95250032068C /* Extensions.swift */ = {isa = PBXFileReference; lastKnownFileType = sourcecode.swift; path = Extensions.swift; sourceTree = "<group>"; };
		9D95EBC9268A7D2F000B44FC /* PatientHomeTableViewController.swift */ = {isa = PBXFileReference; lastKnownFileType = sourcecode.swift; path = PatientHomeTableViewController.swift; sourceTree = "<group>"; };
		9DC12926268E18A8004EA52A /* DoctorAppointmentsViewController.swift */ = {isa = PBXFileReference; lastKnownFileType = sourcecode.swift; path = DoctorAppointmentsViewController.swift; sourceTree = "<group>"; };
		9DC1292A268E1C2F004EA52A /* DoctorPatientListViewController.swift */ = {isa = PBXFileReference; lastKnownFileType = sourcecode.swift; path = DoctorPatientListViewController.swift; sourceTree = "<group>"; };
		9DC1292D268E21E9004EA52A /* AppiontmentSelectViewController.swift */ = {isa = PBXFileReference; lastKnownFileType = sourcecode.swift; path = AppiontmentSelectViewController.swift; sourceTree = "<group>"; };
		9DC1A8EA268A5D8B000877CA /* cisco-capstone.app */ = {isa = PBXFileReference; explicitFileType = wrapper.application; includeInIndex = 0; path = "cisco-capstone.app"; sourceTree = BUILT_PRODUCTS_DIR; };
		9DC1A8ED268A5D8B000877CA /* AppDelegate.swift */ = {isa = PBXFileReference; lastKnownFileType = sourcecode.swift; path = AppDelegate.swift; sourceTree = "<group>"; };
		9DC1A8EF268A5D8B000877CA /* SceneDelegate.swift */ = {isa = PBXFileReference; lastKnownFileType = sourcecode.swift; path = SceneDelegate.swift; sourceTree = "<group>"; };
		9DC1A8F1268A5D8B000877CA /* LoginViewController.swift */ = {isa = PBXFileReference; lastKnownFileType = sourcecode.swift; path = LoginViewController.swift; sourceTree = "<group>"; };
		9DC1A8F4268A5D8B000877CA /* Base */ = {isa = PBXFileReference; lastKnownFileType = file.storyboard; name = Base; path = Base.lproj/Main.storyboard; sourceTree = "<group>"; };
		9DC1A8F6268A5D8D000877CA /* Assets.xcassets */ = {isa = PBXFileReference; lastKnownFileType = folder.assetcatalog; path = Assets.xcassets; sourceTree = "<group>"; };
		9DC1A8F9268A5D8D000877CA /* Base */ = {isa = PBXFileReference; lastKnownFileType = file.storyboard; name = Base; path = Base.lproj/LaunchScreen.storyboard; sourceTree = "<group>"; };
		9DC1A8FB268A5D8D000877CA /* Info.plist */ = {isa = PBXFileReference; lastKnownFileType = text.plist.xml; path = Info.plist; sourceTree = "<group>"; };
		9DC1A903268A65EC000877CA /* Colors.xcassets */ = {isa = PBXFileReference; lastKnownFileType = folder.assetcatalog; path = Colors.xcassets; sourceTree = "<group>"; };
		9DC430D2268B7A81002CA0DB /* HospitalAdminLoginViewController.swift */ = {isa = PBXFileReference; lastKnownFileType = sourcecode.swift; path = HospitalAdminLoginViewController.swift; sourceTree = "<group>"; };
		9DED959F268CDF97004478CB /* Doctor1TableViewController.swift */ = {isa = PBXFileReference; lastKnownFileType = sourcecode.swift; path = Doctor1TableViewController.swift; sourceTree = "<group>"; };
		9DED95A2268CEDB1004478CB /* DevViewController.swift */ = {isa = PBXFileReference; lastKnownFileType = sourcecode.swift; path = DevViewController.swift; sourceTree = "<group>"; };
		9DED95A6268D23E6004478CB /* cisco-capstone-Bridging-Header.h */ = {isa = PBXFileReference; fileEncoding = 4; lastKnownFileType = sourcecode.c.h; path = "cisco-capstone-Bridging-Header.h"; sourceTree = "<group>"; };
		9DED95AC268D26A5004478CB /* MessageViewController.swift */ = {isa = PBXFileReference; lastKnownFileType = sourcecode.swift; path = MessageViewController.swift; sourceTree = "<group>"; };
		9DED95B3268D9B9D004478CB /* PatientProfileViewController.swift */ = {isa = PBXFileReference; lastKnownFileType = sourcecode.swift; path = PatientProfileViewController.swift; sourceTree = "<group>"; };
		9DED95B6268DA451004478CB /* CreateAppointmentViewController.swift */ = {isa = PBXFileReference; lastKnownFileType = sourcecode.swift; path = CreateAppointmentViewController.swift; sourceTree = "<group>"; };
/* End PBXFileReference section */

/* Begin PBXFrameworksBuildPhase section */
		9DC1A8E7268A5D8B000877CA /* Frameworks */ = {
			isa = PBXFrameworksBuildPhase;
			buildActionMask = 2147483647;
			files = (
			);
			runOnlyForDeploymentPostprocessing = 0;
		};
/* End PBXFrameworksBuildPhase section */

/* Begin PBXGroup section */
		9D31A8C6268B8524003B78D4 /* Hospital */ = {
			isa = PBXGroup;
			children = (
				9DED959D268CDF78004478CB /* Doctor Profiles */,
				9D31A8C0268B80F8003B78D4 /* RegisterViewController.swift */,
				9D31A8C3268B822B003B78D4 /* HospitalProfileViewController.swift */,
				9DC430D2268B7A81002CA0DB /* HospitalAdminLoginViewController.swift */,
				9D85AC7C268B88E90032068C /* DoctorsViewController.swift */,
			);
			path = Hospital;
			sourceTree = "<group>";
		};
		9DC12925268E186E004EA52A /* Doctor */ = {
			isa = PBXGroup;
			children = (
				9DC12926268E18A8004EA52A /* DoctorAppointmentsViewController.swift */,
				9DC1292A268E1C2F004EA52A /* DoctorPatientListViewController.swift */,
			);
			path = Doctor;
			sourceTree = "<group>";
		};
		9DC1A8E1268A5D8B000877CA = {
			isa = PBXGroup;
			children = (
				9DC1A8EC268A5D8B000877CA /* cisco-capstone */,
				9DC1A8EB268A5D8B000877CA /* Products */,
			);
			sourceTree = "<group>";
		};
		9DC1A8EB268A5D8B000877CA /* Products */ = {
			isa = PBXGroup;
			children = (
				9DC1A8EA268A5D8B000877CA /* cisco-capstone.app */,
			);
			name = Products;
			sourceTree = "<group>";
		};
		9DC1A8EC268A5D8B000877CA /* cisco-capstone */ = {
			isa = PBXGroup;
			children = (
				9DC1A907268A6A77000877CA /* Controllers */,
				9DC1A8ED268A5D8B000877CA /* AppDelegate.swift */,
				9DC1A8EF268A5D8B000877CA /* SceneDelegate.swift */,
				9DC1A8F3268A5D8B000877CA /* Main.storyboard */,
				9DC1A8F6268A5D8D000877CA /* Assets.xcassets */,
				9DC1A903268A65EC000877CA /* Colors.xcassets */,
				9DC1A8F8268A5D8D000877CA /* LaunchScreen.storyboard */,
				9DC1A8FB268A5D8D000877CA /* Info.plist */,
				9D85AC7F268B95250032068C /* Extensions.swift */,
			);
			path = "cisco-capstone";
			sourceTree = "<group>";
		};
		9DC1A907268A6A77000877CA /* Controllers */ = {
			isa = PBXGroup;
			children = (
				9DED95A6268D23E6004478CB /* cisco-capstone-Bridging-Header.h */,
				9DED95AB268D268D004478CB /* Patients */,
				9DC12925268E186E004EA52A /* Doctor */,
				9D31A8C6268B8524003B78D4 /* Hospital */,
				9DC1A8F1268A5D8B000877CA /* LoginViewController.swift */,
				9DED95A2268CEDB1004478CB /* DevViewController.swift */,
			);
			path = Controllers;
			sourceTree = "<group>";
		};
		9DED959D268CDF78004478CB /* Doctor Profiles */ = {
			isa = PBXGroup;
			children = (
				9DED959F268CDF97004478CB /* Doctor1TableViewController.swift */,
			);
			path = "Doctor Profiles";
			sourceTree = "<group>";
		};
		9DED95AB268D268D004478CB /* Patients */ = {
			isa = PBXGroup;
			children = (
				9D95EBC9268A7D2F000B44FC /* PatientHomeTableViewController.swift */,
				9DED95AC268D26A5004478CB /* MessageViewController.swift */,
				9DED95B3268D9B9D004478CB /* PatientProfileViewController.swift */,
				9DED95B6268DA451004478CB /* CreateAppointmentViewController.swift */,
				95AB3640268C32BA00C94266 /* AppointmentViewController.swift */,
				9DC1292D268E21E9004EA52A /* AppiontmentSelectViewController.swift */,
			);
			path = Patients;
			sourceTree = "<group>";
		};
/* End PBXGroup section */

/* Begin PBXNativeTarget section */
		9DC1A8E9268A5D8B000877CA /* cisco-capstone */ = {
			isa = PBXNativeTarget;
			buildConfigurationList = 9DC1A8FE268A5D8D000877CA /* Build configuration list for PBXNativeTarget "cisco-capstone" */;
			buildPhases = (
				9DC1A8E6268A5D8B000877CA /* Sources */,
				9DC1A8E7268A5D8B000877CA /* Frameworks */,
				9DC1A8E8268A5D8B000877CA /* Resources */,
			);
			buildRules = (
			);
			dependencies = (
			);
			name = "cisco-capstone";
			productName = "cisco-capstone";
			productReference = 9DC1A8EA268A5D8B000877CA /* cisco-capstone.app */;
			productType = "com.apple.product-type.application";
		};
/* End PBXNativeTarget section */

/* Begin PBXProject section */
		9DC1A8E2268A5D8B000877CA /* Project object */ = {
			isa = PBXProject;
			attributes = {
				LastSwiftUpdateCheck = 1240;
				LastUpgradeCheck = 1240;
				TargetAttributes = {
					9DC1A8E9268A5D8B000877CA = {
						CreatedOnToolsVersion = 12.4;
						LastSwiftMigration = 1250;
					};
				};
			};
			buildConfigurationList = 9DC1A8E5268A5D8B000877CA /* Build configuration list for PBXProject "cisco-capstone" */;
			compatibilityVersion = "Xcode 9.3";
			developmentRegion = en;
			hasScannedForEncodings = 0;
			knownRegions = (
				en,
				Base,
			);
			mainGroup = 9DC1A8E1268A5D8B000877CA;
			productRefGroup = 9DC1A8EB268A5D8B000877CA /* Products */;
			projectDirPath = "";
			projectRoot = "";
			targets = (
				9DC1A8E9268A5D8B000877CA /* cisco-capstone */,
			);
		};
/* End PBXProject section */

/* Begin PBXResourcesBuildPhase section */
		9DC1A8E8268A5D8B000877CA /* Resources */ = {
			isa = PBXResourcesBuildPhase;
			buildActionMask = 2147483647;
			files = (
				9DC1A8FA268A5D8D000877CA /* LaunchScreen.storyboard in Resources */,
				9DC1A904268A65EC000877CA /* Colors.xcassets in Resources */,
				9DC1A8F7268A5D8D000877CA /* Assets.xcassets in Resources */,
				9DC1A8F5268A5D8B000877CA /* Main.storyboard in Resources */,
			);
			runOnlyForDeploymentPostprocessing = 0;
		};
/* End PBXResourcesBuildPhase section */

/* Begin PBXSourcesBuildPhase section */
		9DC1A8E6268A5D8B000877CA /* Sources */ = {
			isa = PBXSourcesBuildPhase;
			buildActionMask = 2147483647;
			files = (
				9DED95A3268CEDB1004478CB /* DevViewController.swift in Sources */,
				9DED95AD268D26A5004478CB /* MessageViewController.swift in Sources */,
				9D95EBCA268A7D2F000B44FC /* PatientHomeTableViewController.swift in Sources */,
				9D85AC7D268B88E90032068C /* DoctorsViewController.swift in Sources */,
				9DC1A8F2268A5D8B000877CA /* LoginViewController.swift in Sources */,
				9DC1292B268E1C2F004EA52A /* DoctorPatientListViewController.swift in Sources */,
				9DED95A0268CDF97004478CB /* Doctor1TableViewController.swift in Sources */,
				9DED95B4268D9B9D004478CB /* PatientProfileViewController.swift in Sources */,
				9DC430D3268B7A81002CA0DB /* HospitalAdminLoginViewController.swift in Sources */,
				9D31A8C4268B822B003B78D4 /* HospitalProfileViewController.swift in Sources */,
				9DC1292E268E21E9004EA52A /* AppiontmentSelectViewController.swift in Sources */,
				9D85AC80268B95250032068C /* Extensions.swift in Sources */,
				9D31A8C1268B80F8003B78D4 /* RegisterViewController.swift in Sources */,
				9DC1A8EE268A5D8B000877CA /* AppDelegate.swift in Sources */,
				95AB3641268C32BA00C94266 /* AppointmentViewController.swift in Sources */,
				9DC12927268E18A8004EA52A /* DoctorAppointmentsViewController.swift in Sources */,
				9DC1A8F0268A5D8B000877CA /* SceneDelegate.swift in Sources */,
				9DED95B7268DA451004478CB /* CreateAppointmentViewController.swift in Sources */,
			);
			runOnlyForDeploymentPostprocessing = 0;
		};
/* End PBXSourcesBuildPhase section */

/* Begin PBXVariantGroup section */
		9DC1A8F3268A5D8B000877CA /* Main.storyboard */ = {
			isa = PBXVariantGroup;
			children = (
				9DC1A8F4268A5D8B000877CA /* Base */,
			);
			name = Main.storyboard;
			sourceTree = "<group>";
		};
		9DC1A8F8268A5D8D000877CA /* LaunchScreen.storyboard */ = {
			isa = PBXVariantGroup;
			children = (
				9DC1A8F9268A5D8D000877CA /* Base */,
			);
			name = LaunchScreen.storyboard;
			sourceTree = "<group>";
		};
/* End PBXVariantGroup section */

/* Begin XCBuildConfiguration section */
		9DC1A8FC268A5D8D000877CA /* Debug */ = {
			isa = XCBuildConfiguration;
			buildSettings = {
				ALWAYS_SEARCH_USER_PATHS = NO;
				CLANG_ANALYZER_NONNULL = YES;
				CLANG_ANALYZER_NUMBER_OBJECT_CONVERSION = YES_AGGRESSIVE;
				CLANG_CXX_LANGUAGE_STANDARD = "gnu++14";
				CLANG_CXX_LIBRARY = "libc++";
				CLANG_ENABLE_MODULES = YES;
				CLANG_ENABLE_OBJC_ARC = YES;
				CLANG_ENABLE_OBJC_WEAK = YES;
				CLANG_WARN_BLOCK_CAPTURE_AUTORELEASING = YES;
				CLANG_WARN_BOOL_CONVERSION = YES;
				CLANG_WARN_COMMA = YES;
				CLANG_WARN_CONSTANT_CONVERSION = YES;
				CLANG_WARN_DEPRECATED_OBJC_IMPLEMENTATIONS = YES;
				CLANG_WARN_DIRECT_OBJC_ISA_USAGE = YES_ERROR;
				CLANG_WARN_DOCUMENTATION_COMMENTS = YES;
				CLANG_WARN_EMPTY_BODY = YES;
				CLANG_WARN_ENUM_CONVERSION = YES;
				CLANG_WARN_INFINITE_RECURSION = YES;
				CLANG_WARN_INT_CONVERSION = YES;
				CLANG_WARN_NON_LITERAL_NULL_CONVERSION = YES;
				CLANG_WARN_OBJC_IMPLICIT_RETAIN_SELF = YES;
				CLANG_WARN_OBJC_LITERAL_CONVERSION = YES;
				CLANG_WARN_OBJC_ROOT_CLASS = YES_ERROR;
				CLANG_WARN_QUOTED_INCLUDE_IN_FRAMEWORK_HEADER = YES;
				CLANG_WARN_RANGE_LOOP_ANALYSIS = YES;
				CLANG_WARN_STRICT_PROTOTYPES = YES;
				CLANG_WARN_SUSPICIOUS_MOVE = YES;
				CLANG_WARN_UNGUARDED_AVAILABILITY = YES_AGGRESSIVE;
				CLANG_WARN_UNREACHABLE_CODE = YES;
				CLANG_WARN__DUPLICATE_METHOD_MATCH = YES;
				COPY_PHASE_STRIP = NO;
				DEBUG_INFORMATION_FORMAT = dwarf;
				ENABLE_STRICT_OBJC_MSGSEND = YES;
				ENABLE_TESTABILITY = YES;
				GCC_C_LANGUAGE_STANDARD = gnu11;
				GCC_DYNAMIC_NO_PIC = NO;
				GCC_NO_COMMON_BLOCKS = YES;
				GCC_OPTIMIZATION_LEVEL = 0;
				GCC_PREPROCESSOR_DEFINITIONS = (
					"DEBUG=1",
					"$(inherited)",
				);
				GCC_WARN_64_TO_32_BIT_CONVERSION = YES;
				GCC_WARN_ABOUT_RETURN_TYPE = YES_ERROR;
				GCC_WARN_UNDECLARED_SELECTOR = YES;
				GCC_WARN_UNINITIALIZED_AUTOS = YES_AGGRESSIVE;
				GCC_WARN_UNUSED_FUNCTION = YES;
				GCC_WARN_UNUSED_VARIABLE = YES;
				IPHONEOS_DEPLOYMENT_TARGET = 14.4;
				MTL_ENABLE_DEBUG_INFO = INCLUDE_SOURCE;
				MTL_FAST_MATH = YES;
				ONLY_ACTIVE_ARCH = YES;
				SDKROOT = iphoneos;
				SWIFT_ACTIVE_COMPILATION_CONDITIONS = DEBUG;
				SWIFT_OPTIMIZATION_LEVEL = "-Onone";
			};
			name = Debug;
		};
		9DC1A8FD268A5D8D000877CA /* Release */ = {
			isa = XCBuildConfiguration;
			buildSettings = {
				ALWAYS_SEARCH_USER_PATHS = NO;
				CLANG_ANALYZER_NONNULL = YES;
				CLANG_ANALYZER_NUMBER_OBJECT_CONVERSION = YES_AGGRESSIVE;
				CLANG_CXX_LANGUAGE_STANDARD = "gnu++14";
				CLANG_CXX_LIBRARY = "libc++";
				CLANG_ENABLE_MODULES = YES;
				CLANG_ENABLE_OBJC_ARC = YES;
				CLANG_ENABLE_OBJC_WEAK = YES;
				CLANG_WARN_BLOCK_CAPTURE_AUTORELEASING = YES;
				CLANG_WARN_BOOL_CONVERSION = YES;
				CLANG_WARN_COMMA = YES;
				CLANG_WARN_CONSTANT_CONVERSION = YES;
				CLANG_WARN_DEPRECATED_OBJC_IMPLEMENTATIONS = YES;
				CLANG_WARN_DIRECT_OBJC_ISA_USAGE = YES_ERROR;
				CLANG_WARN_DOCUMENTATION_COMMENTS = YES;
				CLANG_WARN_EMPTY_BODY = YES;
				CLANG_WARN_ENUM_CONVERSION = YES;
				CLANG_WARN_INFINITE_RECURSION = YES;
				CLANG_WARN_INT_CONVERSION = YES;
				CLANG_WARN_NON_LITERAL_NULL_CONVERSION = YES;
				CLANG_WARN_OBJC_IMPLICIT_RETAIN_SELF = YES;
				CLANG_WARN_OBJC_LITERAL_CONVERSION = YES;
				CLANG_WARN_OBJC_ROOT_CLASS = YES_ERROR;
				CLANG_WARN_QUOTED_INCLUDE_IN_FRAMEWORK_HEADER = YES;
				CLANG_WARN_RANGE_LOOP_ANALYSIS = YES;
				CLANG_WARN_STRICT_PROTOTYPES = YES;
				CLANG_WARN_SUSPICIOUS_MOVE = YES;
				CLANG_WARN_UNGUARDED_AVAILABILITY = YES_AGGRESSIVE;
				CLANG_WARN_UNREACHABLE_CODE = YES;
				CLANG_WARN__DUPLICATE_METHOD_MATCH = YES;
				COPY_PHASE_STRIP = NO;
				DEBUG_INFORMATION_FORMAT = "dwarf-with-dsym";
				ENABLE_NS_ASSERTIONS = NO;
				ENABLE_STRICT_OBJC_MSGSEND = YES;
				GCC_C_LANGUAGE_STANDARD = gnu11;
				GCC_NO_COMMON_BLOCKS = YES;
				GCC_WARN_64_TO_32_BIT_CONVERSION = YES;
				GCC_WARN_ABOUT_RETURN_TYPE = YES_ERROR;
				GCC_WARN_UNDECLARED_SELECTOR = YES;
				GCC_WARN_UNINITIALIZED_AUTOS = YES_AGGRESSIVE;
				GCC_WARN_UNUSED_FUNCTION = YES;
				GCC_WARN_UNUSED_VARIABLE = YES;
				IPHONEOS_DEPLOYMENT_TARGET = 14.4;
				MTL_ENABLE_DEBUG_INFO = NO;
				MTL_FAST_MATH = YES;
				SDKROOT = iphoneos;
				SWIFT_COMPILATION_MODE = wholemodule;
				SWIFT_OPTIMIZATION_LEVEL = "-O";
				VALIDATE_PRODUCT = YES;
			};
			name = Release;
		};
		9DC1A8FF268A5D8D000877CA /* Debug */ = {
			isa = XCBuildConfiguration;
			buildSettings = {
				ASSETCATALOG_COMPILER_APPICON_NAME = AppIcon;
				ASSETCATALOG_COMPILER_GLOBAL_ACCENT_COLOR_NAME = AccentColor;
				CLANG_ENABLE_MODULES = YES;
				CODE_SIGN_STYLE = Automatic;
				DEVELOPMENT_TEAM = NNYH6ZLMYG;
				INFOPLIST_FILE = "cisco-capstone/Info.plist";
				IPHONEOS_DEPLOYMENT_TARGET = 13.2;
				LD_RUNPATH_SEARCH_PATHS = (
					"$(inherited)",
					"@executable_path/Frameworks",
				);
				PRODUCT_BUNDLE_IDENTIFIER = "simfony.cisco-capstone";
				PRODUCT_NAME = "$(TARGET_NAME)";
				SWIFT_OBJC_BRIDGING_HEADER = "cisco-capstone/Controllers/cisco-capstone-Bridging-Header.h";
				SWIFT_OPTIMIZATION_LEVEL = "-Onone";
				SWIFT_VERSION = 5.0;
				TARGETED_DEVICE_FAMILY = "1,2";
			};
			name = Debug;
		};
		9DC1A900268A5D8D000877CA /* Release */ = {
			isa = XCBuildConfiguration;
			buildSettings = {
				ASSETCATALOG_COMPILER_APPICON_NAME = AppIcon;
				ASSETCATALOG_COMPILER_GLOBAL_ACCENT_COLOR_NAME = AccentColor;
				CLANG_ENABLE_MODULES = YES;
				CODE_SIGN_STYLE = Automatic;
				DEVELOPMENT_TEAM = NNYH6ZLMYG;
				INFOPLIST_FILE = "cisco-capstone/Info.plist";
				IPHONEOS_DEPLOYMENT_TARGET = 13.2;
				LD_RUNPATH_SEARCH_PATHS = (
					"$(inherited)",
					"@executable_path/Frameworks",
				);
				PRODUCT_BUNDLE_IDENTIFIER = "simfony.cisco-capstone";
				PRODUCT_NAME = "$(TARGET_NAME)";
				SWIFT_OBJC_BRIDGING_HEADER = "cisco-capstone/Controllers/cisco-capstone-Bridging-Header.h";
				SWIFT_VERSION = 5.0;
				TARGETED_DEVICE_FAMILY = "1,2";
			};
			name = Release;
		};
/* End XCBuildConfiguration section */

/* Begin XCConfigurationList section */
		9DC1A8E5268A5D8B000877CA /* Build configuration list for PBXProject "cisco-capstone" */ = {
			isa = XCConfigurationList;
			buildConfigurations = (
				9DC1A8FC268A5D8D000877CA /* Debug */,
				9DC1A8FD268A5D8D000877CA /* Release */,
			);
			defaultConfigurationIsVisible = 0;
			defaultConfigurationName = Release;
		};
		9DC1A8FE268A5D8D000877CA /* Build configuration list for PBXNativeTarget "cisco-capstone" */ = {
			isa = XCConfigurationList;
			buildConfigurations = (
				9DC1A8FF268A5D8D000877CA /* Debug */,
				9DC1A900268A5D8D000877CA /* Release */,
			);
			defaultConfigurationIsVisible = 0;
			defaultConfigurationName = Release;
		};
/* End XCConfigurationList section */
	};
	rootObject = 9DC1A8E2268A5D8B000877CA /* Project object */;
}
